<?xml version="1.0" encoding="utf-8"?>
<Project ToolsVersion="4.0" xmlns="http://schemas.microsoft.com/developer/msbuild/2003">
  <ItemGroup>
    <Filter Include="Source Files">
      <UniqueIdentifier>{4FC737F1-C7A5-4376-A066-2A32D752A2FF}</UniqueIdentifier>
      <Extensions>cpp;c;cc;cxx;c++;cppm;ixx;def;odl;idl;hpj;bat;asm;asmx</Extensions>
    </Filter>
    <Filter Include="Header Files">
      <UniqueIdentifier>{93995380-89BD-4b04-88EB-625FBE52EBFB}</UniqueIdentifier>
      <Extensions>h;hh;hpp;hxx;h++;hm;inl;inc;ipp;xsd</Extensions>
    </Filter>
    <Filter Include="Resource Files">
      <UniqueIdentifier>{67DA6AB6-F800-4c08-8B7A-83BB121AAD01}</UniqueIdentifier>
      <Extensions>rc;ico;cur;bmp;dlg;rc2;rct;bin;rgs;gif;jpg;jpeg;jpe;resx;tiff;tif;png;wav;mfcribbon-ms</Extensions>
    </Filter>
  </ItemGroup>
  <ItemGroup>
    <ClCompile Include="menu.cpp">
      <Filter>Source Files</Filter>
    </ClCompile>
    <ClCompile Include="errorclass.cpp">
      <Filter>Source Files</Filter>
    </ClCompile>
    <ClCompile Include="simple_operations.cpp">
      <Filter>Source Files</Filter>
    </ClCompile>
    <ClCompile Include="simple_operations_class.cpp">
      <Filter>Source Files</Filter>
    </ClCompile>
    <ClCompile Include="advanced_operations.cpp">
      <Filter>Source Files</Filter>
    </ClCompile>
    <ClCompile Include="advanced_operations_class.cpp">
      <Filter>Source Files</Filter>
    </ClCompile>
    <ClCompile Include="number_properties.cpp">
      <Filter>Source Files</Filter>
    </ClCompile>
    <ClCompile Include="number_properties_class.cpp">
      <Filter>Source Files</Filter>
    </ClCompile>
    <ClCompile Include="trigonometry.cpp">
      <Filter>Source Files</Filter>
    </ClCompile>
    <ClCompile Include="trigonometry_class.cpp">
      <Filter>Source Files</Filter>
    </ClCompile>
    <ClCompile Include="combinatorics.cpp">
      <Filter>Source Files</Filter>
    </ClCompile>
    <ClCompile Include="combinatorics_class.cpp">
      <Filter>Source Files</Filter>
    </ClCompile>
    <ClCompile Include="statistics.cpp">
      <Filter>Source Files</Filter>
    </ClCompile>
    <ClCompile Include="statistics_class.cpp">
      <Filter>Source Files</Filter>
    </ClCompile>
    <ClCompile Include="figures_and_solids.cpp">
      <Filter>Source Files</Filter>
    </ClCompile>
    <ClCompile Include="figures_and_solids_class.cpp">
      <Filter>Source Files</Filter>
    </ClCompile>
    <ClCompile Include="more_about_triangle.cpp">
      <Filter>Source Files</Filter>
    </ClCompile>
    <ClCompile Include="more_about_triangle_class.cpp">
      <Filter>Source Files</Filter>
    </ClCompile>
    <ClCompile Include="segments_points_lines.cpp">
      <Filter>Source Files</Filter>
    </ClCompile>
    <ClCompile Include="segments_points_lines_class.cpp">
      <Filter>Source Files</Filter>
    </ClCompile>
    <ClCompile Include="fibonacci_sequence.cpp">
      <Filter>Source Files</Filter>
    </ClCompile>
    <ClCompile Include="quadratic_function.cpp">
      <Filter>Source Files</Filter>
    </ClCompile>
    <ClCompile Include="quadratic_function_class.cpp">
      <Filter>Source Files</Filter>
    </ClCompile>
    <ClCompile Include="mathematical_tables.cpp">
      <Filter>Source Files</Filter>
    </ClCompile>
    <ClCompile Include="number_system_conversion.cpp">
      <Filter>Source Files</Filter>
    </ClCompile>
    <ClCompile Include="polynomial.cpp">
      <Filter>Source Files</Filter>
    </ClCompile>
    <ClCompile Include="number_system_conversion_class.cpp">
      <Filter>Source Files</Filter>
    </ClCompile>
    <ClCompile Include="polynomial_class.cpp">
      <Filter>Source Files</Filter>
    </ClCompile>
    <ClCompile Include="complex.cpp">
      <Filter>Source Files</Filter>
    </ClCompile>
    <ClCompile Include="complex_class.cpp">
      <Filter>Source Files</Filter>
    </ClCompile>
  </ItemGroup>
  <ItemGroup>
    <ClInclude Include="menu.h">
      <Filter>Header Files</Filter>
    </ClInclude>
    <ClInclude Include="errorclass.h">
      <Filter>Header Files</Filter>
    </ClInclude>
    <ClInclude Include="simple_operations.h">
      <Filter>Header Files</Filter>
    </ClInclude>
    <ClInclude Include="resource.h">
      <Filter>Header Files</Filter>
    </ClInclude>
    <ClInclude Include="simple_operations_class.h">
      <Filter>Header Files</Filter>
    </ClInclude>
    <ClInclude Include="advanced_operations.h">
      <Filter>Header Files</Filter>
    </ClInclude>
    <ClInclude Include="advanced_operations_class.h">
      <Filter>Header Files</Filter>
    </ClInclude>
    <ClInclude Include="number_properties.h">
      <Filter>Header Files</Filter>
    </ClInclude>
    <ClInclude Include="number_properties_class.h">
      <Filter>Header Files</Filter>
    </ClInclude>
    <ClInclude Include="trigonometry.h">
      <Filter>Header Files</Filter>
    </ClInclude>
    <ClInclude Include="trigonometry_class.h">
      <Filter>Header Files</Filter>
    </ClInclude>
    <ClInclude Include="combinatorics.h">
      <Filter>Header Files</Filter>
    </ClInclude>
    <ClInclude Include="combinatorics_class.h">
      <Filter>Header Files</Filter>
    </ClInclude>
    <ClInclude Include="statistics.h">
      <Filter>Header Files</Filter>
    </ClInclude>
    <ClInclude Include="statistics_class.h">
      <Filter>Header Files</Filter>
    </ClInclude>
    <ClInclude Include="figures_and_solids.h">
      <Filter>Header Files</Filter>
    </ClInclude>
    <ClInclude Include="figures_and_solids_class.h">
      <Filter>Header Files</Filter>
    </ClInclude>
    <ClInclude Include="more_about_triangle.h">
      <Filter>Header Files</Filter>
    </ClInclude>
    <ClInclude Include="more_about_triangle_class.h">
      <Filter>Header Files</Filter>
    </ClInclude>
    <ClInclude Include="segments_points_lines.h">
      <Filter>Header Files</Filter>
    </ClInclude>
    <ClInclude Include="segments_points_lines_class.h">
      <Filter>Header Files</Filter>
    </ClInclude>
    <ClInclude Include="fibonacci_sequence.h">
      <Filter>Header Files</Filter>
    </ClInclude>
    <ClInclude Include="quadratic_function.h">
      <Filter>Header Files</Filter>
    </ClInclude>
    <ClInclude Include="quadratic_function_class.h">
      <Filter>Header Files</Filter>
    </ClInclude>
    <ClInclude Include="mathematical_tables.h">
      <Filter>Header Files</Filter>
    </ClInclude>
    <ClInclude Include="number_system_conversion.h">
      <Filter>Header Files</Filter>
    </ClInclude>
    <ClInclude Include="polynomial.h">
      <Filter>Header Files</Filter>
    </ClInclude>
    <ClInclude Include="number_system_conversion_class.h">
      <Filter>Header Files</Filter>
    </ClInclude>
    <ClInclude Include="polynomial_class.h">
      <Filter>Header Files</Filter>
    </ClInclude>
    <ClInclude Include="complex.h">
      <Filter>Header Files</Filter>
    </ClInclude>
    <ClInclude Include="complex_class.h">
      <Filter>Header Files</Filter>
    </ClInclude>
  </ItemGroup>
  <ItemGroup>
    <ResourceCompile Include="projectmath.rc">
      <Filter>Resource Files</Filter>
    </ResourceCompile>
  </ItemGroup>
  <ItemGroup>
    <Image Include="ball.ico">
      <Filter>Resource Files</Filter>
    </Image>
    <Image Include="simple.bmp">
      <Filter>Resource Files</Filter>
    </Image>
  </ItemGroup>
</Project>